<?xml version="1.0" encoding="utf-8"?>
<Project ToolsVersion="17.0" xmlns="http://schemas.microsoft.com/developer/msbuild/2003">
  <ItemGroup>
    <ClCompile Include="E:\research\dlp_cmodel\dram_sim3\src\bankstate.cc">
      <Filter>Source Files</Filter>
    </ClCompile>
    <ClCompile Include="E:\research\dlp_cmodel\dram_sim3\src\channel_state.cc">
      <Filter>Source Files</Filter>
    </ClCompile>
    <ClCompile Include="E:\research\dlp_cmodel\dram_sim3\src\command_queue.cc">
      <Filter>Source Files</Filter>
    </ClCompile>
    <ClCompile Include="E:\research\dlp_cmodel\dram_sim3\src\common.cc">
      <Filter>Source Files</Filter>
    </ClCompile>
    <ClCompile Include="E:\research\dlp_cmodel\dram_sim3\src\configuration.cc">
      <Filter>Source Files</Filter>
    </ClCompile>
    <ClCompile Include="E:\research\dlp_cmodel\dram_sim3\src\controller.cc">
      <Filter>Source Files</Filter>
    </ClCompile>
    <ClCompile Include="E:\research\dlp_cmodel\dram_sim3\src\dram_system.cc">
      <Filter>Source Files</Filter>
    </ClCompile>
    <ClCompile Include="E:\research\dlp_cmodel\dram_sim3\src\hmc.cc">
      <Filter>Source Files</Filter>
    </ClCompile>
    <ClCompile Include="E:\research\dlp_cmodel\dram_sim3\src\refresh.cc">
      <Filter>Source Files</Filter>
    </ClCompile>
    <ClCompile Include="E:\research\dlp_cmodel\dram_sim3\src\simple_stats.cc">
      <Filter>Source Files</Filter>
    </ClCompile>
    <ClCompile Include="E:\research\dlp_cmodel\dram_sim3\src\timing.cc">
      <Filter>Source Files</Filter>
    </ClCompile>
    <ClCompile Include="E:\research\dlp_cmodel\dram_sim3\src\memory_system.cc">
      <Filter>Source Files</Filter>
    </ClCompile>
  </ItemGroup>
  <ItemGroup>
    <CustomBuild Include="E:\research\dlp_cmodel\dram_sim3\CMakeLists.txt" />
  </ItemGroup>
  <ItemGroup>
    <Filter Include="Source Files">
      <UniqueIdentifier>{A25EC2BE-4820-3FDF-BDA4-795BFBB2C9BF}</UniqueIdentifier>
    </Filter>
  </ItemGroup>
</Project>
